// !$*UTF8*$!
{
	archiveVersion = 1;
	classes = {
	};
	objectVersion = 46;
	objects = {

/* Begin PBXBuildFile section */
		763E16191CCF6D1A009C7917 /* main.m in Sources */ = {isa = PBXBuildFile; fileRef = 763E16181CCF6D1A009C7917 /* main.m */; };
		763E161C1CCF6D1A009C7917 /* AppDelegate.m in Sources */ = {isa = PBXBuildFile; fileRef = 763E161B1CCF6D1A009C7917 /* AppDelegate.m */; };
		763E16221CCF6D1A009C7917 /* Main.storyboard in Resources */ = {isa = PBXBuildFile; fileRef = 763E16201CCF6D1A009C7917 /* Main.storyboard */; };
		763E16241CCF6D1A009C7917 /* Assets.xcassets in Resources */ = {isa = PBXBuildFile; fileRef = 763E16231CCF6D1A009C7917 /* Assets.xcassets */; };
		763E16271CCF6D1A009C7917 /* LaunchScreen.storyboard in Resources */ = {isa = PBXBuildFile; fileRef = 763E16251CCF6D1A009C7917 /* LaunchScreen.storyboard */; };
		763E16311CCF6DD8009C7917 /* ADTableView.m in Sources */ = {isa = PBXBuildFile; fileRef = 763E16301CCF6DD8009C7917 /* ADTableView.m */; };
		763E16351CCF6DED009C7917 /* ADTableViewCell.m in Sources */ = {isa = PBXBuildFile; fileRef = 763E16331CCF6DED009C7917 /* ADTableViewCell.m */; };
		763E16361CCF6DED009C7917 /* ADTableViewCell.xib in Resources */ = {isa = PBXBuildFile; fileRef = 763E16341CCF6DED009C7917 /* ADTableViewCell.xib */; };
		763E16391CCF6FA8009C7917 /* ADTabelInfo.m in Sources */ = {isa = PBXBuildFile; fileRef = 763E16381CCF6FA8009C7917 /* ADTabelInfo.m */; };
		763E163F1CCF72A3009C7917 /* MainTableViewController.m in Sources */ = {isa = PBXBuildFile; fileRef = 763E163E1CCF72A3009C7917 /* MainTableViewController.m */; };
/* End PBXBuildFile section */

/* Begin PBXFileReference section */
		763E16141CCF6D1A009C7917 /* BlockTableView.app */ = {isa = PBXFileReference; explicitFileType = wrapper.application; includeInIndex = 0; path = BlockTableView.app; sourceTree = BUILT_PRODUCTS_DIR; };
		763E16181CCF6D1A009C7917 /* main.m */ = {isa = PBXFileReference; lastKnownFileType = sourcecode.c.objc; path = main.m; sourceTree = "<group>"; };
		763E161A1CCF6D1A009C7917 /* AppDelegate.h */ = {isa = PBXFileReference; lastKnownFileType = sourcecode.c.h; path = AppDelegate.h; sourceTree = "<group>"; };
		763E161B1CCF6D1A009C7917 /* AppDelegate.m */ = {isa = PBXFileReference; lastKnownFileType = sourcecode.c.objc; path = AppDelegate.m; sourceTree = "<group>"; };
		763E16211CCF6D1A009C7917 /* Base */ = {isa = PBXFileReference; lastKnownFileType = file.storyboard; name = Base; path = Base.lproj/Main.storyboard; sourceTree = "<group>"; };
		763E16231CCF6D1A009C7917 /* Assets.xcassets */ = {isa = PBXFileReference; lastKnownFileType = folder.assetcatalog; path = Assets.xcassets; sourceTree = "<group>"; };
		763E16261CCF6D1A009C7917 /* Base */ = {isa = PBXFileReference; lastKnownFileType = file.storyboard; name = Base; path = Base.lproj/LaunchScreen.storyboard; sourceTree = "<group>"; };
		763E16281CCF6D1A009C7917 /* Info.plist */ = {isa = PBXFileReference; lastKnownFileType = text.plist.xml; path = Info.plist; sourceTree = "<group>"; };
		763E162F1CCF6DD8009C7917 /* ADTableView.h */ = {isa = PBXFileReference; fileEncoding = 4; lastKnownFileType = sourcecode.c.h; path = ADTableView.h; sourceTree = "<group>"; };
		763E16301CCF6DD8009C7917 /* ADTableView.m */ = {isa = PBXFileReference; fileEncoding = 4; lastKnownFileType = sourcecode.c.objc; path = ADTableView.m; sourceTree = "<group>"; };
		763E16321CCF6DED009C7917 /* ADTableViewCell.h */ = {isa = PBXFileReference; fileEncoding = 4; lastKnownFileType = sourcecode.c.h; path = ADTableViewCell.h; sourceTree = "<group>"; };
		763E16331CCF6DED009C7917 /* ADTableViewCell.m */ = {isa = PBXFileReference; fileEncoding = 4; lastKnownFileType = sourcecode.c.objc; path = ADTableViewCell.m; sourceTree = "<group>"; };
		763E16341CCF6DED009C7917 /* ADTableViewCell.xib */ = {isa = PBXFileReference; fileEncoding = 4; lastKnownFileType = file.xib; path = ADTableViewCell.xib; sourceTree = "<group>"; };
		763E16371CCF6FA8009C7917 /* ADTabelInfo.h */ = {isa = PBXFileReference; fileEncoding = 4; lastKnownFileType = sourcecode.c.h; path = ADTabelInfo.h; sourceTree = "<group>"; };
		763E16381CCF6FA8009C7917 /* ADTabelInfo.m */ = {isa = PBXFileReference; fileEncoding = 4; lastKnownFileType = sourcecode.c.objc; path = ADTabelInfo.m; sourceTree = "<group>"; };
		763E163D1CCF72A3009C7917 /* MainTableViewController.h */ = {isa = PBXFileReference; fileEncoding = 4; lastKnownFileType = sourcecode.c.h; path = MainTableViewController.h; sourceTree = "<group>"; };
		763E163E1CCF72A3009C7917 /* MainTableViewController.m */ = {isa = PBXFileReference; fileEncoding = 4; lastKnownFileType = sourcecode.c.objc; path = MainTableViewController.m; sourceTree = "<group>"; };
/* End PBXFileReference section */

/* Begin PBXFrameworksBuildPhase section */
		763E16111CCF6D1A009C7917 /* Frameworks */ = {
			isa = PBXFrameworksBuildPhase;
			buildActionMask = 2147483647;
			files = (
			);
			runOnlyForDeploymentPostprocessing = 0;
		};
/* End PBXFrameworksBuildPhase section */

/* Begin PBXGroup section */
		763E160B1CCF6D1A009C7917 = {
			isa = PBXGroup;
			children = (
				763E16161CCF6D1A009C7917 /* BlockTableView */,
				763E16151CCF6D1A009C7917 /* Products */,
			);
			sourceTree = "<group>";
		};
		763E16151CCF6D1A009C7917 /* Products */ = {
			isa = PBXGroup;
			children = (
				763E16141CCF6D1A009C7917 /* BlockTableView.app */,
			);
			name = Products;
			sourceTree = "<group>";
		};
		763E16161CCF6D1A009C7917 /* BlockTableView */ = {
			isa = PBXGroup;
			children = (
				763E161A1CCF6D1A009C7917 /* AppDelegate.h */,
				763E161B1CCF6D1A009C7917 /* AppDelegate.m */,
				763E162E1CCF6D20009C7917 /* BlockTableview */,
				763E163D1CCF72A3009C7917 /* MainTableViewController.h */,
				763E163E1CCF72A3009C7917 /* MainTableViewController.m */,
				763E16201CCF6D1A009C7917 /* Main.storyboard */,
				763E16231CCF6D1A009C7917 /* Assets.xcassets */,
				763E16251CCF6D1A009C7917 /* LaunchScreen.storyboard */,
				763E16281CCF6D1A009C7917 /* Info.plist */,
				763E16171CCF6D1A009C7917 /* Supporting Files */,
			);
			path = BlockTableView;
			sourceTree = "<group>";
		};
		763E16171CCF6D1A009C7917 /* Supporting Files */ = {
			isa = PBXGroup;
			children = (
				763E16181CCF6D1A009C7917 /* main.m */,
			);
			name = "Supporting Files";
			sourceTree = "<group>";
		};
		763E162E1CCF6D20009C7917 /* BlockTableview */ = {
			isa = PBXGroup;
			children = (
				763E162F1CCF6DD8009C7917 /* ADTableView.h */,
				763E16301CCF6DD8009C7917 /* ADTableView.m */,
				763E16321CCF6DED009C7917 /* ADTableViewCell.h */,
				763E16331CCF6DED009C7917 /* ADTableViewCell.m */,
				763E16341CCF6DED009C7917 /* ADTableViewCell.xib */,
				763E16371CCF6FA8009C7917 /* ADTabelInfo.h */,
				763E16381CCF6FA8009C7917 /* ADTabelInfo.m */,
			);
			name = BlockTableview;
			sourceTree = "<group>";
		};
/* End PBXGroup section */

/* Begin PBXNativeTarget section */
		763E16131CCF6D1A009C7917 /* BlockTableView */ = {
			isa = PBXNativeTarget;
			buildConfigurationList = 763E162B1CCF6D1A009C7917 /* Build configuration list for PBXNativeTarget "BlockTableView" */;
			buildPhases = (
				763E16101CCF6D1A009C7917 /* Sources */,
				763E16111CCF6D1A009C7917 /* Frameworks */,
				763E16121CCF6D1A009C7917 /* Resources */,
			);
			buildRules = (
			);
			dependencies = (
			);
			name = BlockTableView;
			productName = BlockTableView;
			productReference = 763E16141CCF6D1A009C7917 /* BlockTableView.app */;
			productType = "com.apple.product-type.application";
		};
/* End PBXNativeTarget section */

/* Begin PBXProject section */
		763E160C1CCF6D1A009C7917 /* Project object */ = {
			isa = PBXProject;
			attributes = {
				LastUpgradeCheck = 0730;
				ORGANIZATIONNAME = com.AnDong;
				TargetAttributes = {
					763E16131CCF6D1A009C7917 = {
						CreatedOnToolsVersion = 7.3;
					};
				};
			};
			buildConfigurationList = 763E160F1CCF6D1A009C7917 /* Build configuration list for PBXProject "BlockTableView" */;
			compatibilityVersion = "Xcode 3.2";
			developmentRegion = English;
			hasScannedForEncodings = 0;
			knownRegions = (
				en,
				Base,
			);
			mainGroup = 763E160B1CCF6D1A009C7917;
			productRefGroup = 763E16151CCF6D1A009C7917 /* Products */;
			projectDirPath = "";
			projectRoot = "";
			targets = (
				763E16131CCF6D1A009C7917 /* BlockTableView */,
			);
		};
/* End PBXProject section */

/* Begin PBXResourcesBuildPhase section */
		763E16121CCF6D1A009C7917 /* Resources */ = {
			isa = PBXResourcesBuildPhase;
			buildActionMask = 2147483647;
			files = (
				763E16361CCF6DED009C7917 /* ADTableViewCell.xib in Resources */,
				763E16271CCF6D1A009C7917 /* LaunchScreen.storyboard in Resources */,
				763E16241CCF6D1A009C7917 /* Assets.xcassets in Resources */,
				763E16221CCF6D1A009C7917 /* Main.storyboard in Resources */,
			);
			runOnlyForDeploymentPostprocessing = 0;
		};
/* End PBXResourcesBuildPhase section */

/* Begin PBXSourcesBuildPhase section */
		763E16101CCF6D1A009C7917 /* Sources */ = {
			isa = PBXSourcesBuildPhase;
			buildActionMask = 2147483647;
			files = (
				763E16311CCF6DD8009C7917 /* ADTableView.m in Sources */,
				763E16351CCF6DED009C7917 /* ADTableViewCell.m in Sources */,
				763E163F1CCF72A3009C7917 /* MainTableViewController.m in Sources */,
				763E16391CCF6FA8009C7917 /* ADTabelInfo.m in Sources */,
				763E161C1CCF6D1A009C7917 /* AppDelegate.m in Sources */,
				763E16191CCF6D1A009C7917 /* main.m in Sources */,
			);
			runOnlyForDeploymentPostprocessing = 0;
		};
/* End PBXSourcesBuildPhase section */

/* Begin PBXVariantGroup section */
		763E16201CCF6D1A009C7917 /* Main.storyboard */ = {
			isa = PBXVariantGroup;
			children = (
				763E16211CCF6D1A009C7917 /* Base */,
			);
			name = Main.storyboard;
			sourceTree = "<group>";
		};
		763E16251CCF6D1A009C7917 /* LaunchScreen.storyboard */ = {
			isa = PBXVariantGroup;
			children = (
				763E16261CCF6D1A009C7917 /* Base */,
			);
			name = LaunchScreen.storyboard;
			sourceTree = "<group>";
		};
/* End PBXVariantGroup section */

/* Begin XCBuildConfiguration section */
		763E16291CCF6D1A009C7917 /* Debug */ = {
			isa = XCBuildConfiguration;
			buildSettings = {
				ALWAYS_SEARCH_USER_PATHS = NO;
				CLANG_ANALYZER_NONNULL = YES;
				CLANG_CXX_LANGUAGE_STANDARD = "gnu++0x";
				CLANG_CXX_LIBRARY = "libc++";
				CLANG_ENABLE_MODULES = YES;
				CLANG_ENABLE_OBJC_ARC = YES;
				CLANG_WARN_BOOL_CONVERSION = YES;
				CLANG_WARN_CONSTANT_CONVERSION = YES;
				CLANG_WARN_DIRECT_OBJC_ISA_USAGE = YES_ERROR;
				CLANG_WARN_EMPTY_BODY = YES;
				CLANG_WARN_ENUM_CONVERSION = YES;
				CLANG_WARN_INT_CONVERSION = YES;
				CLANG_WARN_OBJC_ROOT_CLASS = YES_ERROR;
				CLANG_WARN_UNREACHABLE_CODE = YES;
				CLANG_WARN__DUPLICATE_METHOD_MATCH = YES;
				"CODE_SIGN_IDENTITY[sdk=iphoneos*]" = "iPhone Developer";
				COPY_PHASE_STRIP = NO;
				DEBUG_INFORMATION_FORMAT = dwarf;
				ENABLE_STRICT_OBJC_MSGSEND = YES;
				ENABLE_TESTABILITY = YES;
				GCC_C_LANGUAGE_STANDARD = gnu99;
				GCC_DYNAMIC_NO_PIC = NO;
				GCC_NO_COMMON_BLOCKS = YES;
				GCC_OPTIMIZATION_LEVEL = 0;
				GCC_PREPROCESSOR_DEFINITIONS = (
					"DEBUG=1",
					"$(inherited)",
				);
				GCC_WARN_64_TO_32_BIT_CONVERSION = YES;
				GCC_WARN_ABOUT_RETURN_TYPE = YES_ERROR;
				GCC_WARN_UNDECLARED_SELECTOR = YES;
				GCC_WARN_UNINITIALIZED_AUTOS = YES_AGGRESSIVE;
				GCC_WARN_UNUSED_FUNCTION = YES;
				GCC_WARN_UNUSED_VARIABLE = YES;
				IPHONEOS_DEPLOYMENT_TARGET = 9.3;
				MTL_ENABLE_DEBUG_INFO = YES;
				ONLY_ACTIVE_ARCH = YES;
				SDKROOT = iphoneos;
			};
			name = Debug;
		};
		763E162A1CCF6D1A009C7917 /* Release */ = {
			isa = XCBuildConfiguration;
			buildSettings = {
				ALWAYS_SEARCH_USER_PATHS = NO;
				CLANG_ANALYZER_NONNULL = YES;
				CLANG_CXX_LANGUAGE_STANDARD = "gnu++0x";
				CLANG_CXX_LIBRARY = "libc++";
				CLANG_ENABLE_MODULES = YES;
				CLANG_ENABLE_OBJC_ARC = YES;
				CLANG_WARN_BOOL_CONVERSION = YES;
				CLANG_WARN_CONSTANT_CONVERSION = YES;
				CLANG_WARN_DIRECT_OBJC_ISA_USAGE = YES_ERROR;
				CLANG_WARN_EMPTY_BODY = YES;
				CLANG_WARN_ENUM_CONVERSION = YES;
				CLANG_WARN_INT_CONVERSION = YES;
				CLANG_WARN_OBJC_ROOT_CLASS = YES_ERROR;
				CLANG_WARN_UNREACHABLE_CODE = YES;
				CLANG_WARN__DUPLICATE_METHOD_MATCH = YES;
				"CODE_SIGN_IDENTITY[sdk=iphoneos*]" = "iPhone Developer";
				COPY_PHASE_STRIP = NO;
				DEBUG_INFORMATION_FORMAT = "dwarf-with-dsym";
				ENABLE_NS_ASSERTIONS = NO;
				ENABLE_STRICT_OBJC_MSGSEND = YES;
				GCC_C_LANGUAGE_STANDARD = gnu99;
				GCC_NO_COMMON_BLOCKS = YES;
				GCC_WARN_64_TO_32_BIT_CONVERSION = YES;
				GCC_WARN_ABOUT_RETURN_TYPE = YES_ERROR;
				GCC_WARN_UNDECLARED_SELECTOR = YES;
				GCC_WARN_UNINITIALIZED_AUTOS = YES_AGGRESSIVE;
				GCC_WARN_UNUSED_FUNCTION = YES;
				GCC_WARN_UNUSED_VARIABLE = YES;
				IPHONEOS_DEPLOYMENT_TARGET = 9.3;
				MTL_ENABLE_DEBUG_INFO = NO;
				SDKROOT = iphoneos;
				VALIDATE_PRODUCT = YES;
			};
			name = Release;
		};
		763E162C1CCF6D1A009C7917 /* Debug */ = {
			isa = XCBuildConfiguration;
			buildSettings = {
				ASSETCATALOG_COMPILER_APPICON_NAME = AppIcon;
				INFOPLIST_FILE = BlockTableView/Info.plist;
				LD_RUNPATH_SEARCH_PATHS = "$(inherited) @executable_path/Frameworks";
				PRODUCT_BUNDLE_IDENTIFIER = com.AnDong.BlockTableView;
				PRODUCT_NAME = "$(TARGET_NAME)";
			};
			name = Debug;
		};
		763E162D1CCF6D1A009C7917 /* Release */ = {
			isa = XCBuildConfiguration;
			buildSettings = {
				ASSETCATALOG_COMPILER_APPICON_NAME = AppIcon;
				INFOPLIST_FILE = BlockTableView/Info.plist;
				LD_RUNPATH_SEARCH_PATHS = "$(inherited) @executable_path/Frameworks";
				PRODUCT_BUNDLE_IDENTIFIER = com.AnDong.BlockTableView;
				PRODUCT_NAME = "$(TARGET_NAME)";
			};
			name = Release;
		};
/* End XCBuildConfiguration section */

/* Begin XCConfigurationList section */
		763E160F1CCF6D1A009C7917 /* Build configuration list for PBXProject "BlockTableView" */ = {
			isa = XCConfigurationList;
			buildConfigurations = (
				763E16291CCF6D1A009C7917 /* Debug */,
				763E162A1CCF6D1A009C7917 /* Release */,
			);
			defaultConfigurationIsVisible = 0;
			defaultConfigurationName = Release;
		};
		763E162B1CCF6D1A009C7917 /* Build configuration list for PBXNativeTarget "BlockTableView" */ = {
			isa = XCConfigurationList;
			buildConfigurations = (
				763E162C1CCF6D1A009C7917 /* Debug */,
				763E162D1CCF6D1A009C7917 /* Release */,
			);
			defaultConfigurationIsVisible = 0;
		};
/* End XCConfigurationList section */
	};
	rootObject = 763E160C1CCF6D1A009C7917 /* Project object */;
}
